
Microsoft Visual Studio Solution File, Format Version 12.00
# Visual Studio Version 16
VisualStudioVersion = 16.0.29519.181
MinimumVisualStudioVersion = 10.0.40219.1
Project("{2150E333-8FDC-42A3-9474-1A3956D46DE8}") = "Common", "Common", "{21F1F0B6-D974-4241-AB71-F6374BF83158}"
EndProject
Project("{9A19103F-16F7-4668-BE54-9A1E7A4F7556}") = "MyLib.Web", "MyLib.Web\MyLib.Web.csproj", "{79A0F744-D088-4DDD-B6DA-6A4F00B37A32}"
EndProject
Project("{9A19103F-16F7-4668-BE54-9A1E7A4F7556}") = "MyBlog.Engine", "MyBlog.Engine\MyBlog.Engine.csproj", "{FE4D8A30-E1C3-4E14-BFBA-C1353E27F709}"
EndProject
Project("{9A19103F-16F7-4668-BE54-9A1E7A4F7556}") = "MyBlog.Engine.Data", "MyBlog.Engine.Data\MyBlog.Engine.Data.csproj", "{5DA3AB65-F219-4229-BD8F-59393BA058AF}"
EndProject
Project("{9A19103F-16F7-4668-BE54-9A1E7A4F7556}") = "MyBlog.Resources", "MyBlog.Resources\MyBlog.Resources.csproj", "{138FA6F0-36D8-4763-81A2-1EE395CBA4FB}"
EndProject
Project("{9A19103F-16F7-4668-BE54-9A1E7A4F7556}") = "MyBlog", "MyBlog\MyBlog.csproj", "{BAD6CBB5-8C5B-4D5F-9989-78BAA79BA7DA}"
EndProject
Project("{2150E333-8FDC-42A3-9474-1A3956D46DE8}") = "Tests", "Tests", "{A5C92783-B52A-4B06-B791-1D7057766E3A}"
EndProject
Project("{9A19103F-16F7-4668-BE54-9A1E7A4F7556}") = "MyBlog.Engine.Tests", "MyBlog.Engine.Tests\MyBlog.Engine.Tests.csproj", "{E9EB282B-60A8-4B42-9A31-60267AB9897A}"
EndProject
Project("{9A19103F-16F7-4668-BE54-9A1E7A4F7556}") = "MyBlog.Tests", "MyBlog.Tests\MyBlog.Tests.csproj", "{CC918958-81E2-48D9-87B6-EC6B02940A72}"
EndProject
Project("{9A19103F-16F7-4668-BE54-9A1E7A4F7556}") = "MyLib.Web.Tests", "MyLib.Web.Tests\MyLib.Web.Tests.csproj", "{C7D085EC-659A-48D0-B50B-DE7E10EC117F}"
EndProject
Global
	GlobalSection(SolutionConfigurationPlatforms) = preSolution
		Debug|Any CPU = Debug|Any CPU
		Release|Any CPU = Release|Any CPU
	EndGlobalSection
	GlobalSection(ProjectConfigurationPlatforms) = postSolution
		{79A0F744-D088-4DDD-B6DA-6A4F00B37A32}.Debug|Any CPU.ActiveCfg = Debug|Any CPU
		{79A0F744-D088-4DDD-B6DA-6A4F00B37A32}.Debug|Any CPU.Build.0 = Debug|Any CPU
		{79A0F744-D088-4DDD-B6DA-6A4F00B37A32}.Release|Any CPU.ActiveCfg = Release|Any CPU
		{79A0F744-D088-4DDD-B6DA-6A4F00B37A32}.Release|Any CPU.Build.0 = Release|Any CPU
		{FE4D8A30-E1C3-4E14-BFBA-C1353E27F709}.Debug|Any CPU.ActiveCfg = Debug|Any CPU
		{FE4D8A30-E1C3-4E14-BFBA-C1353E27F709}.Debug|Any CPU.Build.0 = Debug|Any CPU
		{FE4D8A30-E1C3-4E14-BFBA-C1353E27F709}.Release|Any CPU.ActiveCfg = Release|Any CPU
		{FE4D8A30-E1C3-4E14-BFBA-C1353E27F709}.Release|Any CPU.Build.0 = Release|Any CPU
		{5DA3AB65-F219-4229-BD8F-59393BA058AF}.Debug|Any CPU.ActiveCfg = Debug|Any CPU
		{5DA3AB65-F219-4229-BD8F-59393BA058AF}.Debug|Any CPU.Build.0 = Debug|Any CPU
		{5DA3AB65-F219-4229-BD8F-59393BA058AF}.Release|Any CPU.ActiveCfg = Release|Any CPU
		{5DA3AB65-F219-4229-BD8F-59393BA058AF}.Release|Any CPU.Build.0 = Release|Any CPU
		{138FA6F0-36D8-4763-81A2-1EE395CBA4FB}.Debug|Any CPU.ActiveCfg = Debug|Any CPU
		{138FA6F0-36D8-4763-81A2-1EE395CBA4FB}.Debug|Any CPU.Build.0 = Debug|Any CPU
		{138FA6F0-36D8-4763-81A2-1EE395CBA4FB}.Release|Any CPU.ActiveCfg = Release|Any CPU
		{138FA6F0-36D8-4763-81A2-1EE395CBA4FB}.Release|Any CPU.Build.0 = Release|Any CPU
		{BAD6CBB5-8C5B-4D5F-9989-78BAA79BA7DA}.Debug|Any CPU.ActiveCfg = Debug|Any CPU
		{BAD6CBB5-8C5B-4D5F-9989-78BAA79BA7DA}.Debug|Any CPU.Build.0 = Debug|Any CPU
		{BAD6CBB5-8C5B-4D5F-9989-78BAA79BA7DA}.Release|Any CPU.ActiveCfg = Release|Any CPU
		{BAD6CBB5-8C5B-4D5F-9989-78BAA79BA7DA}.Release|Any CPU.Build.0 = Release|Any CPU
		{E9EB282B-60A8-4B42-9A31-60267AB9897A}.Debug|Any CPU.ActiveCfg = Debug|Any CPU
		{E9EB282B-60A8-4B42-9A31-60267AB9897A}.Debug|Any CPU.Build.0 = Debug|Any CPU
		{E9EB282B-60A8-4B42-9A31-60267AB9897A}.Release|Any CPU.ActiveCfg = Release|Any CPU
		{E9EB282B-60A8-4B42-9A31-60267AB9897A}.Release|Any CPU.Build.0 = Release|Any CPU
		{CC918958-81E2-48D9-87B6-EC6B02940A72}.Debug|Any CPU.ActiveCfg = Debug|Any CPU
		{CC918958-81E2-48D9-87B6-EC6B02940A72}.Debug|Any CPU.Build.0 = Debug|Any CPU
		{CC918958-81E2-48D9-87B6-EC6B02940A72}.Release|Any CPU.ActiveCfg = Release|Any CPU
		{CC918958-81E2-48D9-87B6-EC6B02940A72}.Release|Any CPU.Build.0 = Release|Any CPU
		{C7D085EC-659A-48D0-B50B-DE7E10EC117F}.Debug|Any CPU.ActiveCfg = Debug|Any CPU
		{C7D085EC-659A-48D0-B50B-DE7E10EC117F}.Debug|Any CPU.Build.0 = Debug|Any CPU
		{C7D085EC-659A-48D0-B50B-DE7E10EC117F}.Release|Any CPU.ActiveCfg = Release|Any CPU
		{C7D085EC-659A-48D0-B50B-DE7E10EC117F}.Release|Any CPU.Build.0 = Release|Any CPU
	EndGlobalSection
	GlobalSection(SolutionProperties) = preSolution
		HideSolutionNode = FALSE
	EndGlobalSection
	GlobalSection(NestedProjects) = preSolution
		{79A0F744-D088-4DDD-B6DA-6A4F00B37A32} = {21F1F0B6-D974-4241-AB71-F6374BF83158}
		{FE4D8A30-E1C3-4E14-BFBA-C1353E27F709} = {21F1F0B6-D974-4241-AB71-F6374BF83158}
		{5DA3AB65-F219-4229-BD8F-59393BA058AF} = {21F1F0B6-D974-4241-AB71-F6374BF83158}
		{138FA6F0-36D8-4763-81A2-1EE395CBA4FB} = {21F1F0B6-D974-4241-AB71-F6374BF83158}
		{E9EB282B-60A8-4B42-9A31-60267AB9897A} = {A5C92783-B52A-4B06-B791-1D7057766E3A}
		{CC918958-81E2-48D9-87B6-EC6B02940A72} = {A5C92783-B52A-4B06-B791-1D7057766E3A}
		{C7D085EC-659A-48D0-B50B-DE7E10EC117F} = {A5C92783-B52A-4B06-B791-1D7057766E3A}
	EndGlobalSection
	GlobalSection(ExtensibilityGlobals) = postSolution
		SolutionGuid = {20D98A10-6943-48ED-81C2-069116076051}
	EndGlobalSection
EndGlobal
